// !$*UTF8*$!
{
	archiveVersion = 1;
	classes = {
	};
	objectVersion = 48;
	objects = {

/* Begin PBXBuildFile section */
		EA1622751F889C0D00B5D57D /* WXAudioDownloadManager.framework in Frameworks */ = {isa = PBXBuildFile; fileRef = EAFCB8B81F7AB14400E26E76 /* WXAudioDownloadManager.framework */; };
		EAD66D321F7BF1F600B5D1B0 /* WXAudioListCell.m in Sources */ = {isa = PBXBuildFile; fileRef = EAD66D311F7BF1F600B5D1B0 /* WXAudioListCell.m */; };
		EAD66D341F7BF62B00B5D1B0 /* libPods-WXAudioDownloadManager.a in Frameworks */ = {isa = PBXBuildFile; fileRef = EAFCB8B21F7AB14400E26E76 /* libPods-WXAudioDownloadManager.a */; };
		EAFCB7841F7AB09200E26E76 /* AppDelegate.m in Sources */ = {isa = PBXBuildFile; fileRef = EAFCB7831F7AB09200E26E76 /* AppDelegate.m */; };
		EAFCB7871F7AB09200E26E76 /* ViewController.m in Sources */ = {isa = PBXBuildFile; fileRef = EAFCB7861F7AB09200E26E76 /* ViewController.m */; };
		EAFCB78A1F7AB09200E26E76 /* Main.storyboard in Resources */ = {isa = PBXBuildFile; fileRef = EAFCB7881F7AB09200E26E76 /* Main.storyboard */; };
		EAFCB78C1F7AB09200E26E76 /* Assets.xcassets in Resources */ = {isa = PBXBuildFile; fileRef = EAFCB78B1F7AB09200E26E76 /* Assets.xcassets */; };
		EAFCB78F1F7AB09200E26E76 /* LaunchScreen.storyboard in Resources */ = {isa = PBXBuildFile; fileRef = EAFCB78D1F7AB09200E26E76 /* LaunchScreen.storyboard */; };
		EAFCB7921F7AB09200E26E76 /* main.m in Sources */ = {isa = PBXBuildFile; fileRef = EAFCB7911F7AB09200E26E76 /* main.m */; };
/* End PBXBuildFile section */

/* Begin PBXContainerItemProxy section */
		EA16227E1F88D77F00B5D57D /* PBXContainerItemProxy */ = {
			isa = PBXContainerItemProxy;
			containerPortal = EAFCB7A21F7AB14400E26E76 /* Pods.xcodeproj */;
			proxyType = 2;
			remoteGlobalIDString = D85FE70ECC9A04B788C2D229C26C54D6;
			remoteInfo = BGDB_OC;
		};
		EAFCB8A91F7AB14400E26E76 /* PBXContainerItemProxy */ = {
			isa = PBXContainerItemProxy;
			containerPortal = EAFCB7A21F7AB14400E26E76 /* Pods.xcodeproj */;
			proxyType = 2;
			remoteGlobalIDString = 4D15C09B0059C02E5E1A468E1FABAC9F;
			remoteInfo = AFNetworking;
		};
		EAFCB8AD1F7AB14400E26E76 /* PBXContainerItemProxy */ = {
			isa = PBXContainerItemProxy;
			containerPortal = EAFCB7A21F7AB14400E26E76 /* Pods.xcodeproj */;
			proxyType = 2;
			remoteGlobalIDString = 02767C052639FD0C1BEDEA9B9A4CDDEB;
			remoteInfo = FCFileManager;
		};
		EAFCB8AF1F7AB14400E26E76 /* PBXContainerItemProxy */ = {
			isa = PBXContainerItemProxy;
			containerPortal = EAFCB7A21F7AB14400E26E76 /* Pods.xcodeproj */;
			proxyType = 2;
			remoteGlobalIDString = C26CBB6C3CDA9A8F096AE7C192BA9F3A;
			remoteInfo = FreeStreamer;
		};
		EAFCB8B11F7AB14400E26E76 /* PBXContainerItemProxy */ = {
			isa = PBXContainerItemProxy;
			containerPortal = EAFCB7A21F7AB14400E26E76 /* Pods.xcodeproj */;
			proxyType = 2;
			remoteGlobalIDString = 2F49ADDA62B143C3CC3617AE5C532A3C;
			remoteInfo = "Pods-WXAudioDownloadManager";
		};
		EAFCB8B31F7AB14400E26E76 /* PBXContainerItemProxy */ = {
			isa = PBXContainerItemProxy;
			containerPortal = EAFCB7A21F7AB14400E26E76 /* Pods.xcodeproj */;
			proxyType = 2;
			remoteGlobalIDString = 24F686DA181A1577F55825EE16BF1739;
			remoteInfo = Reachability;
		};
		EAFCB8B71F7AB14400E26E76 /* PBXContainerItemProxy */ = {
			isa = PBXContainerItemProxy;
			containerPortal = EAFCB79E1F7AB14400E26E76 /* WXAudioDownloadManager.xcodeproj */;
			proxyType = 2;
			remoteGlobalIDString = E7F42E6E1F6826970003D2D4;
			remoteInfo = WXAudioDownloadManager;
		};
		EAFCB8B91F7AB14400E26E76 /* PBXContainerItemProxy */ = {
			isa = PBXContainerItemProxy;
			containerPortal = EAFCB79E1F7AB14400E26E76 /* WXAudioDownloadManager.xcodeproj */;
			proxyType = 2;
			remoteGlobalIDString = E7F42E771F6826980003D2D4;
			remoteInfo = WXAudioDownloadManagerTests;
		};
/* End PBXContainerItemProxy section */

/* Begin PBXFileReference section */
		EAD66D301F7BF1F600B5D1B0 /* WXAudioListCell.h */ = {isa = PBXFileReference; lastKnownFileType = sourcecode.c.h; path = WXAudioListCell.h; sourceTree = "<group>"; };
		EAD66D311F7BF1F600B5D1B0 /* WXAudioListCell.m */ = {isa = PBXFileReference; lastKnownFileType = sourcecode.c.objc; path = WXAudioListCell.m; sourceTree = "<group>"; };
		EAFCB77F1F7AB09200E26E76 /* WXPlayerAndDownloadDemo.app */ = {isa = PBXFileReference; explicitFileType = wrapper.application; includeInIndex = 0; path = WXPlayerAndDownloadDemo.app; sourceTree = BUILT_PRODUCTS_DIR; };
		EAFCB7821F7AB09200E26E76 /* AppDelegate.h */ = {isa = PBXFileReference; lastKnownFileType = sourcecode.c.h; path = AppDelegate.h; sourceTree = "<group>"; };
		EAFCB7831F7AB09200E26E76 /* AppDelegate.m */ = {isa = PBXFileReference; lastKnownFileType = sourcecode.c.objc; path = AppDelegate.m; sourceTree = "<group>"; };
		EAFCB7851F7AB09200E26E76 /* ViewController.h */ = {isa = PBXFileReference; lastKnownFileType = sourcecode.c.h; path = ViewController.h; sourceTree = "<group>"; };
		EAFCB7861F7AB09200E26E76 /* ViewController.m */ = {isa = PBXFileReference; lastKnownFileType = sourcecode.c.objc; path = ViewController.m; sourceTree = "<group>"; };
		EAFCB7891F7AB09200E26E76 /* Base */ = {isa = PBXFileReference; lastKnownFileType = file.storyboard; name = Base; path = Base.lproj/Main.storyboard; sourceTree = "<group>"; };
		EAFCB78B1F7AB09200E26E76 /* Assets.xcassets */ = {isa = PBXFileReference; lastKnownFileType = folder.assetcatalog; path = Assets.xcassets; sourceTree = "<group>"; };
		EAFCB78E1F7AB09200E26E76 /* Base */ = {isa = PBXFileReference; lastKnownFileType = file.storyboard; name = Base; path = Base.lproj/LaunchScreen.storyboard; sourceTree = "<group>"; };
		EAFCB7901F7AB09200E26E76 /* Info.plist */ = {isa = PBXFileReference; lastKnownFileType = text.plist.xml; path = Info.plist; sourceTree = "<group>"; };
		EAFCB7911F7AB09200E26E76 /* main.m */ = {isa = PBXFileReference; lastKnownFileType = sourcecode.c.objc; path = main.m; sourceTree = "<group>"; };
		EAFCB79A1F7AB14400E26E76 /* WXAudioDownloadManagerTests.m */ = {isa = PBXFileReference; lastKnownFileType = sourcecode.c.objc; path = WXAudioDownloadManagerTests.m; sourceTree = "<group>"; };
		EAFCB79B1F7AB14400E26E76 /* Info.plist */ = {isa = PBXFileReference; lastKnownFileType = text.plist.xml; path = Info.plist; sourceTree = "<group>"; };
		EAFCB79C1F7AB14400E26E76 /* WXAudioDownloadManager.xcworkspace */ = {isa = PBXFileReference; lastKnownFileType = wrapper.workspace; path = WXAudioDownloadManager.xcworkspace; sourceTree = "<group>"; };
		EAFCB79D1F7AB14400E26E76 /* README.md */ = {isa = PBXFileReference; lastKnownFileType = net.daringfireball.markdown; path = README.md; sourceTree = "<group>"; };
		EAFCB79E1F7AB14400E26E76 /* WXAudioDownloadManager.xcodeproj */ = {isa = PBXFileReference; lastKnownFileType = "wrapper.pb-project"; path = WXAudioDownloadManager.xcodeproj; sourceTree = "<group>"; };
		EAFCB7A21F7AB14400E26E76 /* Pods.xcodeproj */ = {isa = PBXFileReference; lastKnownFileType = "wrapper.pb-project"; path = Pods.xcodeproj; sourceTree = "<group>"; };
		EAFCB7A81F7AB14400E26E76 /* audio_queue.h */ = {isa = PBXFileReference; lastKnownFileType = sourcecode.c.h; path = audio_queue.h; sourceTree = "<group>"; };
		EAFCB7A91F7AB14400E26E76 /* FSParseRssPodcastFeedRequest.m */ = {isa = PBXFileReference; lastKnownFileType = sourcecode.c.objc; path = FSParseRssPodcastFeedRequest.m; sourceTree = "<group>"; };
		EAFCB7AA1F7AB14400E26E76 /* FSXMLHttpRequest.h */ = {isa = PBXFileReference; lastKnownFileType = sourcecode.c.h; path = FSXMLHttpRequest.h; sourceTree = "<group>"; };
		EAFCB7AB1F7AB14400E26E76 /* http_stream.cpp */ = {isa = PBXFileReference; lastKnownFileType = sourcecode.cpp.cpp; path = http_stream.cpp; sourceTree = "<group>"; };
		EAFCB7AC1F7AB14400E26E76 /* FSPlaylistItem.m */ = {isa = PBXFileReference; lastKnownFileType = sourcecode.c.objc; path = FSPlaylistItem.m; sourceTree = "<group>"; };
		EAFCB7AD1F7AB14400E26E76 /* audio_stream.cpp */ = {isa = PBXFileReference; lastKnownFileType = sourcecode.cpp.cpp; path = audio_stream.cpp; sourceTree = "<group>"; };
		EAFCB7AE1F7AB14400E26E76 /* FSParsePlaylistRequest.h */ = {isa = PBXFileReference; lastKnownFileType = sourcecode.c.h; path = FSParsePlaylistRequest.h; sourceTree = "<group>"; };
		EAFCB7AF1F7AB14400E26E76 /* id3_parser.cpp */ = {isa = PBXFileReference; lastKnownFileType = sourcecode.cpp.cpp; path = id3_parser.cpp; sourceTree = "<group>"; };
		EAFCB7B01F7AB14400E26E76 /* FSCheckContentTypeRequest.m */ = {isa = PBXFileReference; lastKnownFileType = sourcecode.c.objc; path = FSCheckContentTypeRequest.m; sourceTree = "<group>"; };
		EAFCB7B11F7AB14400E26E76 /* stream_configuration.cpp */ = {isa = PBXFileReference; lastKnownFileType = sourcecode.cpp.cpp; path = stream_configuration.cpp; sourceTree = "<group>"; };
		EAFCB7B21F7AB14400E26E76 /* file_stream.h */ = {isa = PBXFileReference; lastKnownFileType = sourcecode.c.h; path = file_stream.h; sourceTree = "<group>"; };
		EAFCB7B31F7AB14400E26E76 /* input_stream.cpp */ = {isa = PBXFileReference; lastKnownFileType = sourcecode.cpp.cpp; path = input_stream.cpp; sourceTree = "<group>"; };
		EAFCB7B41F7AB14400E26E76 /* input_stream.h */ = {isa = PBXFileReference; lastKnownFileType = sourcecode.c.h; path = input_stream.h; sourceTree = "<group>"; };
		EAFCB7B51F7AB14400E26E76 /* file_output.h */ = {isa = PBXFileReference; lastKnownFileType = sourcecode.c.h; path = file_output.h; sourceTree = "<group>"; };
		EAFCB7B61F7AB14400E26E76 /* FSAudioController.m */ = {isa = PBXFileReference; lastKnownFileType = sourcecode.c.objc; path = FSAudioController.m; sourceTree = "<group>"; };
		EAFCB7B71F7AB14400E26E76 /* file_output.cpp */ = {isa = PBXFileReference; lastKnownFileType = sourcecode.cpp.cpp; path = file_output.cpp; sourceTree = "<group>"; };
		EAFCB7B81F7AB14400E26E76 /* caching_stream.cpp */ = {isa = PBXFileReference; lastKnownFileType = sourcecode.cpp.cpp; path = caching_stream.cpp; sourceTree = "<group>"; };
		EAFCB7B91F7AB14400E26E76 /* audio_stream.h */ = {isa = PBXFileReference; lastKnownFileType = sourcecode.c.h; path = audio_stream.h; sourceTree = "<group>"; };
		EAFCB7BA1F7AB14400E26E76 /* http_stream.h */ = {isa = PBXFileReference; lastKnownFileType = sourcecode.c.h; path = http_stream.h; sourceTree = "<group>"; };
		EAFCB7BB1F7AB14400E26E76 /* FSPlaylistItem.h */ = {isa = PBXFileReference; lastKnownFileType = sourcecode.c.h; path = FSPlaylistItem.h; sourceTree = "<group>"; };
		EAFCB7BC1F7AB14400E26E76 /* FSXMLHttpRequest.m */ = {isa = PBXFileReference; lastKnownFileType = sourcecode.c.objc; path = FSXMLHttpRequest.m; sourceTree = "<group>"; };
		EAFCB7BD1F7AB14400E26E76 /* FSParseRssPodcastFeedRequest.h */ = {isa = PBXFileReference; lastKnownFileType = sourcecode.c.h; path = FSParseRssPodcastFeedRequest.h; sourceTree = "<group>"; };
		EAFCB7BE1F7AB14400E26E76 /* FSAudioStream.mm */ = {isa = PBXFileReference; lastKnownFileType = sourcecode.cpp.objcpp; path = FSAudioStream.mm; sourceTree = "<group>"; };
		EAFCB7BF1F7AB14400E26E76 /* id3_parser.h */ = {isa = PBXFileReference; lastKnownFileType = sourcecode.c.h; path = id3_parser.h; sourceTree = "<group>"; };
		EAFCB7C01F7AB14400E26E76 /* audio_queue.cpp */ = {isa = PBXFileReference; lastKnownFileType = sourcecode.cpp.cpp; path = audio_queue.cpp; sourceTree = "<group>"; };
		EAFCB7C11F7AB14400E26E76 /* FSCheckContentTypeRequest.h */ = {isa = PBXFileReference; lastKnownFileType = sourcecode.c.h; path = FSCheckContentTypeRequest.h; sourceTree = "<group>"; };
		EAFCB7C21F7AB14400E26E76 /* file_stream.cpp */ = {isa = PBXFileReference; lastKnownFileType = sourcecode.cpp.cpp; path = file_stream.cpp; sourceTree = "<group>"; };
		EAFCB7C31F7AB14400E26E76 /* FSParsePlaylistRequest.m */ = {isa = PBXFileReference; lastKnownFileType = sourcecode.c.objc; path = FSParsePlaylistRequest.m; sourceTree = "<group>"; };
		EAFCB7C41F7AB14400E26E76 /* FSAudioStream.h */ = {isa = PBXFileReference; lastKnownFileType = sourcecode.c.h; path = FSAudioStream.h; sourceTree = "<group>"; };
		EAFCB7C51F7AB14400E26E76 /* FSAudioController.h */ = {isa = PBXFileReference; lastKnownFileType = sourcecode.c.h; path = FSAudioController.h; sourceTree = "<group>"; };
		EAFCB7C61F7AB14400E26E76 /* stream_configuration.h */ = {isa = PBXFileReference; lastKnownFileType = sourcecode.c.h; path = stream_configuration.h; sourceTree = "<group>"; };
		EAFCB7C71F7AB14400E26E76 /* caching_stream.h */ = {isa = PBXFileReference; lastKnownFileType = sourcecode.c.h; path = caching_stream.h; sourceTree = "<group>"; };
		EAFCB7C81F7AB14400E26E76 /* README.markdown */ = {isa = PBXFileReference; lastKnownFileType = net.daringfireball.markdown; path = README.markdown; sourceTree = "<group>"; };
		EAFCB7C91F7AB14400E26E76 /* LICENSE.txt */ = {isa = PBXFileReference; lastKnownFileType = text; path = LICENSE.txt; sourceTree = "<group>"; };
		EAFCB7CB1F7AB14400E26E76 /* LICENSE */ = {isa = PBXFileReference; lastKnownFileType = text; path = LICENSE; sourceTree = "<group>"; };
		EAFCB7CD1F7AB14400E26E76 /* FCFileManager.h */ = {isa = PBXFileReference; lastKnownFileType = sourcecode.c.h; path = FCFileManager.h; sourceTree = "<group>"; };
		EAFCB7CE1F7AB14400E26E76 /* FCFileManager.m */ = {isa = PBXFileReference; lastKnownFileType = sourcecode.c.objc; path = FCFileManager.m; sourceTree = "<group>"; };
		EAFCB7CF1F7AB14400E26E76 /* README.md */ = {isa = PBXFileReference; lastKnownFileType = net.daringfireball.markdown; path = README.md; sourceTree = "<group>"; };
		EAFCB7D21F7AB14400E26E76 /* FreeStreamer-prefix.pch */ = {isa = PBXFileReference; lastKnownFileType = sourcecode.c.h; path = "FreeStreamer-prefix.pch"; sourceTree = "<group>"; };
		EAFCB7D31F7AB14400E26E76 /* FreeStreamer.xcconfig */ = {isa = PBXFileReference; lastKnownFileType = text.xcconfig; path = FreeStreamer.xcconfig; sourceTree = "<group>"; };
		EAFCB7D41F7AB14400E26E76 /* FreeStreamer-dummy.m */ = {isa = PBXFileReference; lastKnownFileType = sourcecode.c.objc; path = "FreeStreamer-dummy.m"; sourceTree = "<group>"; };
		EAFCB7D61F7AB14400E26E76 /* FCFileManager.xcconfig */ = {isa = PBXFileReference; lastKnownFileType = text.xcconfig; path = FCFileManager.xcconfig; sourceTree = "<group>"; };
		EAFCB7D71F7AB14400E26E76 /* FCFileManager-dummy.m */ = {isa = PBXFileReference; lastKnownFileType = sourcecode.c.objc; path = "FCFileManager-dummy.m"; sourceTree = "<group>"; };
		EAFCB7D81F7AB14400E26E76 /* FCFileManager-prefix.pch */ = {isa = PBXFileReference; lastKnownFileType = sourcecode.c.h; path = "FCFileManager-prefix.pch"; sourceTree = "<group>"; };
		EAFCB7DE1F7AB14400E26E76 /* Reachability-prefix.pch */ = {isa = PBXFileReference; lastKnownFileType = sourcecode.c.h; path = "Reachability-prefix.pch"; sourceTree = "<group>"; };
		EAFCB7DF1F7AB14400E26E76 /* Reachability.xcconfig */ = {isa = PBXFileReference; lastKnownFileType = text.xcconfig; path = Reachability.xcconfig; sourceTree = "<group>"; };
		EAFCB7E01F7AB14400E26E76 /* Reachability-dummy.m */ = {isa = PBXFileReference; lastKnownFileType = sourcecode.c.objc; path = "Reachability-dummy.m"; sourceTree = "<group>"; };
		EAFCB7E21F7AB14400E26E76 /* AFNetworking-prefix.pch */ = {isa = PBXFileReference; lastKnownFileType = sourcecode.c.h; path = "AFNetworking-prefix.pch"; sourceTree = "<group>"; };
		EAFCB7E31F7AB14400E26E76 /* AFNetworking.xcconfig */ = {isa = PBXFileReference; lastKnownFileType = text.xcconfig; path = AFNetworking.xcconfig; sourceTree = "<group>"; };
		EAFCB7E41F7AB14400E26E76 /* AFNetworking-dummy.m */ = {isa = PBXFileReference; lastKnownFileType = sourcecode.c.objc; path = "AFNetworking-dummy.m"; sourceTree = "<group>"; };
		EAFCB7E61F7AB14400E26E76 /* Pods-WXAudioDownloadManager-resources.sh */ = {isa = PBXFileReference; lastKnownFileType = text.script.sh; path = "Pods-WXAudioDownloadManager-resources.sh"; sourceTree = "<group>"; };
		EAFCB7E71F7AB14400E26E76 /* Pods-WXAudioDownloadManager.release.xcconfig */ = {isa = PBXFileReference; lastKnownFileType = text.xcconfig; path = "Pods-WXAudioDownloadManager.release.xcconfig"; sourceTree = "<group>"; };
		EAFCB7E81F7AB14400E26E76 /* Pods-WXAudioDownloadManager-acknowledgements.markdown */ = {isa = PBXFileReference; lastKnownFileType = net.daringfireball.markdown; path = "Pods-WXAudioDownloadManager-acknowledgements.markdown"; sourceTree = "<group>"; };
		EAFCB7E91F7AB14400E26E76 /* Pods-WXAudioDownloadManager.debug.xcconfig */ = {isa = PBXFileReference; lastKnownFileType = text.xcconfig; path = "Pods-WXAudioDownloadManager.debug.xcconfig"; sourceTree = "<group>"; };
		EAFCB7EA1F7AB14400E26E76 /* Pods-WXAudioDownloadManager-acknowledgements.plist */ = {isa = PBXFileReference; lastKnownFileType = text.plist.xml; path = "Pods-WXAudioDownloadManager-acknowledgements.plist"; sourceTree = "<group>"; };
		EAFCB7EB1F7AB14400E26E76 /* Pods-WXAudioDownloadManager-dummy.m */ = {isa = PBXFileReference; lastKnownFileType = sourcecode.c.objc; path = "Pods-WXAudioDownloadManager-dummy.m"; sourceTree = "<group>"; };
		EAFCB7EC1F7AB14400E26E76 /* Manifest.lock */ = {isa = PBXFileReference; lastKnownFileType = text; path = Manifest.lock; sourceTree = "<group>"; };
		EAFCB8081F7AB14400E26E76 /* FSXMLHttpRequest.h */ = {isa = PBXFileReference; lastKnownFileType = sourcecode.c.h; path = FSXMLHttpRequest.h; sourceTree = "<group>"; };
		EAFCB8091F7AB14400E26E76 /* FSParsePlaylistRequest.h */ = {isa = PBXFileReference; lastKnownFileType = sourcecode.c.h; path = FSParsePlaylistRequest.h; sourceTree = "<group>"; };
		EAFCB80A1F7AB14400E26E76 /* FSPlaylistItem.h */ = {isa = PBXFileReference; lastKnownFileType = sourcecode.c.h; path = FSPlaylistItem.h; sourceTree = "<group>"; };
		EAFCB80B1F7AB14400E26E76 /* FSParseRssPodcastFeedRequest.h */ = {isa = PBXFileReference; lastKnownFileType = sourcecode.c.h; path = FSParseRssPodcastFeedRequest.h; sourceTree = "<group>"; };
		EAFCB80C1F7AB14400E26E76 /* FSCheckContentTypeRequest.h */ = {isa = PBXFileReference; lastKnownFileType = sourcecode.c.h; path = FSCheckContentTypeRequest.h; sourceTree = "<group>"; };
		EAFCB80D1F7AB14400E26E76 /* FSAudioStream.h */ = {isa = PBXFileReference; lastKnownFileType = sourcecode.c.h; path = FSAudioStream.h; sourceTree = "<group>"; };
		EAFCB80E1F7AB14400E26E76 /* FSAudioController.h */ = {isa = PBXFileReference; lastKnownFileType = sourcecode.c.h; path = FSAudioController.h; sourceTree = "<group>"; };
		EAFCB8101F7AB14400E26E76 /* FCFileManager.h */ = {isa = PBXFileReference; lastKnownFileType = sourcecode.c.h; path = FCFileManager.h; sourceTree = "<group>"; };
		EAFCB81E1F7AB14400E26E76 /* Reachability.h */ = {isa = PBXFileReference; lastKnownFileType = sourcecode.c.h; path = Reachability.h; sourceTree = "<group>"; };
		EAFCB8201F7AB14400E26E76 /* AFSecurityPolicy.h */ = {isa = PBXFileReference; lastKnownFileType = sourcecode.c.h; path = AFSecurityPolicy.h; sourceTree = "<group>"; };
		EAFCB8211F7AB14400E26E76 /* AFNetworkReachabilityManager.h */ = {isa = PBXFileReference; lastKnownFileType = sourcecode.c.h; path = AFNetworkReachabilityManager.h; sourceTree = "<group>"; };
		EAFCB8221F7AB14400E26E76 /* AFURLSessionManager.h */ = {isa = PBXFileReference; lastKnownFileType = sourcecode.c.h; path = AFURLSessionManager.h; sourceTree = "<group>"; };
		EAFCB8231F7AB14400E26E76 /* AFURLRequestSerialization.h */ = {isa = PBXFileReference; lastKnownFileType = sourcecode.c.h; path = AFURLRequestSerialization.h; sourceTree = "<group>"; };
		EAFCB8241F7AB14400E26E76 /* UIButton+AFNetworking.h */ = {isa = PBXFileReference; lastKnownFileType = sourcecode.c.h; path = "UIButton+AFNetworking.h"; sourceTree = "<group>"; };
		EAFCB8251F7AB14400E26E76 /* UIImageView+AFNetworking.h */ = {isa = PBXFileReference; lastKnownFileType = sourcecode.c.h; path = "UIImageView+AFNetworking.h"; sourceTree = "<group>"; };
		EAFCB8261F7AB14400E26E76 /* AFImageDownloader.h */ = {isa = PBXFileReference; lastKnownFileType = sourcecode.c.h; path = AFImageDownloader.h; sourceTree = "<group>"; };
		EAFCB8271F7AB14400E26E76 /* AFAutoPurgingImageCache.h */ = {isa = PBXFileReference; lastKnownFileType = sourcecode.c.h; path = AFAutoPurgingImageCache.h; sourceTree = "<group>"; };
		EAFCB8281F7AB14400E26E76 /* UIWebView+AFNetworking.h */ = {isa = PBXFileReference; lastKnownFileType = sourcecode.c.h; path = "UIWebView+AFNetworking.h"; sourceTree = "<group>"; };
		EAFCB8291F7AB14400E26E76 /* UIActivityIndicatorView+AFNetworking.h */ = {isa = PBXFileReference; lastKnownFileType = sourcecode.c.h; path = "UIActivityIndicatorView+AFNetworking.h"; sourceTree = "<group>"; };
		EAFCB82A1F7AB14400E26E76 /* AFURLResponseSerialization.h */ = {isa = PBXFileReference; lastKnownFileType = sourcecode.c.h; path = AFURLResponseSerialization.h; sourceTree = "<group>"; };
		EAFCB82B1F7AB14400E26E76 /* UIImage+AFNetworking.h */ = {isa = PBXFileReference; lastKnownFileType = sourcecode.c.h; path = "UIImage+AFNetworking.h"; sourceTree = "<group>"; };
		EAFCB82C1F7AB14400E26E76 /* AFNetworking.h */ = {isa = PBXFileReference; lastKnownFileType = sourcecode.c.h; path = AFNetworking.h; sourceTree = "<group>"; };
		EAFCB82D1F7AB14400E26E76 /* UIProgressView+AFNetworking.h */ = {isa = PBXFileReference; lastKnownFileType = sourcecode.c.h; path = "UIProgressView+AFNetworking.h"; sourceTree = "<group>"; };
		EAFCB82E1F7AB14400E26E76 /* UIKit+AFNetworking.h */ = {isa = PBXFileReference; lastKnownFileType = sourcecode.c.h; path = "UIKit+AFNetworking.h"; sourceTree = "<group>"; };
		EAFCB82F1F7AB14400E26E76 /* UIRefreshControl+AFNetworking.h */ = {isa = PBXFileReference; lastKnownFileType = sourcecode.c.h; path = "UIRefreshControl+AFNetworking.h"; sourceTree = "<group>"; };
		EAFCB8301F7AB14400E26E76 /* AFHTTPSessionManager.h */ = {isa = PBXFileReference; lastKnownFileType = sourcecode.c.h; path = AFHTTPSessionManager.h; sourceTree = "<group>"; };
		EAFCB8311F7AB14400E26E76 /* AFNetworkActivityIndicatorManager.h */ = {isa = PBXFileReference; lastKnownFileType = sourcecode.c.h; path = AFNetworkActivityIndicatorManager.h; sourceTree = "<group>"; };
		EAFCB8341F7AB14400E26E76 /* audio_queue.h */ = {isa = PBXFileReference; lastKnownFileType = sourcecode.c.h; path = audio_queue.h; sourceTree = "<group>"; };
		EAFCB8351F7AB14400E26E76 /* FSXMLHttpRequest.h */ = {isa = PBXFileReference; lastKnownFileType = sourcecode.c.h; path = FSXMLHttpRequest.h; sourceTree = "<group>"; };
		EAFCB8361F7AB14400E26E76 /* FSParsePlaylistRequest.h */ = {isa = PBXFileReference; lastKnownFileType = sourcecode.c.h; path = FSParsePlaylistRequest.h; sourceTree = "<group>"; };
		EAFCB8371F7AB14400E26E76 /* file_stream.h */ = {isa = PBXFileReference; lastKnownFileType = sourcecode.c.h; path = file_stream.h; sourceTree = "<group>"; };
		EAFCB8381F7AB14400E26E76 /* input_stream.h */ = {isa = PBXFileReference; lastKnownFileType = sourcecode.c.h; path = input_stream.h; sourceTree = "<group>"; };
		EAFCB8391F7AB14400E26E76 /* file_output.h */ = {isa = PBXFileReference; lastKnownFileType = sourcecode.c.h; path = file_output.h; sourceTree = "<group>"; };
		EAFCB83A1F7AB14400E26E76 /* audio_stream.h */ = {isa = PBXFileReference; lastKnownFileType = sourcecode.c.h; path = audio_stream.h; sourceTree = "<group>"; };
		EAFCB83B1F7AB14400E26E76 /* http_stream.h */ = {isa = PBXFileReference; lastKnownFileType = sourcecode.c.h; path = http_stream.h; sourceTree = "<group>"; };
		EAFCB83C1F7AB14400E26E76 /* FSPlaylistItem.h */ = {isa = PBXFileReference; lastKnownFileType = sourcecode.c.h; path = FSPlaylistItem.h; sourceTree = "<group>"; };
		EAFCB83D1F7AB14400E26E76 /* FSParseRssPodcastFeedRequest.h */ = {isa = PBXFileReference; lastKnownFileType = sourcecode.c.h; path = FSParseRssPodcastFeedRequest.h; sourceTree = "<group>"; };
		EAFCB83E1F7AB14400E26E76 /* id3_parser.h */ = {isa = PBXFileReference; lastKnownFileType = sourcecode.c.h; path = id3_parser.h; sourceTree = "<group>"; };
		EAFCB83F1F7AB14400E26E76 /* FSCheckContentTypeRequest.h */ = {isa = PBXFileReference; lastKnownFileType = sourcecode.c.h; path = FSCheckContentTypeRequest.h; sourceTree = "<group>"; };
		EAFCB8401F7AB14400E26E76 /* FSAudioStream.h */ = {isa = PBXFileReference; lastKnownFileType = sourcecode.c.h; path = FSAudioStream.h; sourceTree = "<group>"; };
		EAFCB8411F7AB14400E26E76 /* FSAudioController.h */ = {isa = PBXFileReference; lastKnownFileType = sourcecode.c.h; path = FSAudioController.h; sourceTree = "<group>"; };
		EAFCB8421F7AB14400E26E76 /* stream_configuration.h */ = {isa = PBXFileReference; lastKnownFileType = sourcecode.c.h; path = stream_configuration.h; sourceTree = "<group>"; };
		EAFCB8431F7AB14400E26E76 /* caching_stream.h */ = {isa = PBXFileReference; lastKnownFileType = sourcecode.c.h; path = caching_stream.h; sourceTree = "<group>"; };
		EAFCB8451F7AB14400E26E76 /* FCFileManager.h */ = {isa = PBXFileReference; lastKnownFileType = sourcecode.c.h; path = FCFileManager.h; sourceTree = "<group>"; };
		EAFCB8471F7AB14400E26E76 /* FMDatabase.h */ = {isa = PBXFileReference; lastKnownFileType = sourcecode.c.h; path = FMDatabase.h; sourceTree = "<group>"; };
		EAFCB8481F7AB14400E26E76 /* BGModelInfo.h */ = {isa = PBXFileReference; lastKnownFileType = sourcecode.c.h; path = BGModelInfo.h; sourceTree = "<group>"; };
		EAFCB8491F7AB14400E26E76 /* NSObject+BGModel.h */ = {isa = PBXFileReference; lastKnownFileType = sourcecode.c.h; path = "NSObject+BGModel.h"; sourceTree = "<group>"; };
		EAFCB84A1F7AB14400E26E76 /* BGTool.h */ = {isa = PBXFileReference; lastKnownFileType = sourcecode.c.h; path = BGTool.h; sourceTree = "<group>"; };
		EAFCB84B1F7AB14400E26E76 /* FMResultSet.h */ = {isa = PBXFileReference; lastKnownFileType = sourcecode.c.h; path = FMResultSet.h; sourceTree = "<group>"; };
		EAFCB84C1F7AB14400E26E76 /* FMDatabasePool.h */ = {isa = PBXFileReference; lastKnownFileType = sourcecode.c.h; path = FMDatabasePool.h; sourceTree = "<group>"; };
		EAFCB84D1F7AB14400E26E76 /* BGFMDB.h */ = {isa = PBXFileReference; lastKnownFileType = sourcecode.c.h; path = BGFMDB.h; sourceTree = "<group>"; };
		EAFCB84E1F7AB14400E26E76 /* BGFMDBConfig.h */ = {isa = PBXFileReference; lastKnownFileType = sourcecode.c.h; path = BGFMDBConfig.h; sourceTree = "<group>"; };
		EAFCB84F1F7AB14400E26E76 /* FMDatabaseQueue.h */ = {isa = PBXFileReference; lastKnownFileType = sourcecode.c.h; path = FMDatabaseQueue.h; sourceTree = "<group>"; };
		EAFCB8501F7AB14400E26E76 /* FMDB.h */ = {isa = PBXFileReference; lastKnownFileType = sourcecode.c.h; path = FMDB.h; sourceTree = "<group>"; };
		EAFCB8511F7AB14400E26E76 /* FMDatabaseAdditions.h */ = {isa = PBXFileReference; lastKnownFileType = sourcecode.c.h; path = FMDatabaseAdditions.h; sourceTree = "<group>"; };
		EAFCB8531F7AB14400E26E76 /* Reachability.h */ = {isa = PBXFileReference; lastKnownFileType = sourcecode.c.h; path = Reachability.h; sourceTree = "<group>"; };
		EAFCB8551F7AB14400E26E76 /* AFSecurityPolicy.h */ = {isa = PBXFileReference; lastKnownFileType = sourcecode.c.h; path = AFSecurityPolicy.h; sourceTree = "<group>"; };
		EAFCB8561F7AB14400E26E76 /* AFNetworkReachabilityManager.h */ = {isa = PBXFileReference; lastKnownFileType = sourcecode.c.h; path = AFNetworkReachabilityManager.h; sourceTree = "<group>"; };
		EAFCB8571F7AB14400E26E76 /* AFURLSessionManager.h */ = {isa = PBXFileReference; lastKnownFileType = sourcecode.c.h; path = AFURLSessionManager.h; sourceTree = "<group>"; };
		EAFCB8581F7AB14400E26E76 /* AFURLRequestSerialization.h */ = {isa = PBXFileReference; lastKnownFileType = sourcecode.c.h; path = AFURLRequestSerialization.h; sourceTree = "<group>"; };
		EAFCB8591F7AB14400E26E76 /* UIButton+AFNetworking.h */ = {isa = PBXFileReference; lastKnownFileType = sourcecode.c.h; path = "UIButton+AFNetworking.h"; sourceTree = "<group>"; };
		EAFCB85A1F7AB14400E26E76 /* UIImageView+AFNetworking.h */ = {isa = PBXFileReference; lastKnownFileType = sourcecode.c.h; path = "UIImageView+AFNetworking.h"; sourceTree = "<group>"; };
		EAFCB85B1F7AB14400E26E76 /* AFImageDownloader.h */ = {isa = PBXFileReference; lastKnownFileType = sourcecode.c.h; path = AFImageDownloader.h; sourceTree = "<group>"; };
		EAFCB85C1F7AB14400E26E76 /* AFAutoPurgingImageCache.h */ = {isa = PBXFileReference; lastKnownFileType = sourcecode.c.h; path = AFAutoPurgingImageCache.h; sourceTree = "<group>"; };
		EAFCB85D1F7AB14400E26E76 /* UIWebView+AFNetworking.h */ = {isa = PBXFileReference; lastKnownFileType = sourcecode.c.h; path = "UIWebView+AFNetworking.h"; sourceTree = "<group>"; };
		EAFCB85E1F7AB14400E26E76 /* UIActivityIndicatorView+AFNetworking.h */ = {isa = PBXFileReference; lastKnownFileType = sourcecode.c.h; path = "UIActivityIndicatorView+AFNetworking.h"; sourceTree = "<group>"; };
		EAFCB85F1F7AB14400E26E76 /* AFURLResponseSerialization.h */ = {isa = PBXFileReference; lastKnownFileType = sourcecode.c.h; path = AFURLResponseSerialization.h; sourceTree = "<group>"; };
		EAFCB8601F7AB14400E26E76 /* UIImage+AFNetworking.h */ = {isa = PBXFileReference; lastKnownFileType = sourcecode.c.h; path = "UIImage+AFNetworking.h"; sourceTree = "<group>"; };
		EAFCB8611F7AB14400E26E76 /* AFNetworking.h */ = {isa = PBXFileReference; lastKnownFileType = sourcecode.c.h; path = AFNetworking.h; sourceTree = "<group>"; };
		EAFCB8621F7AB14400E26E76 /* UIProgressView+AFNetworking.h */ = {isa = PBXFileReference; lastKnownFileType = sourcecode.c.h; path = "UIProgressView+AFNetworking.h"; sourceTree = "<group>"; };
		EAFCB8631F7AB14400E26E76 /* UIKit+AFNetworking.h */ = {isa = PBXFileReference; lastKnownFileType = sourcecode.c.h; path = "UIKit+AFNetworking.h"; sourceTree = "<group>"; };
		EAFCB8641F7AB14400E26E76 /* UIRefreshControl+AFNetworking.h */ = {isa = PBXFileReference; lastKnownFileType = sourcecode.c.h; path = "UIRefreshControl+AFNetworking.h"; sourceTree = "<group>"; };
		EAFCB8651F7AB14400E26E76 /* AFHTTPSessionManager.h */ = {isa = PBXFileReference; lastKnownFileType = sourcecode.c.h; path = AFHTTPSessionManager.h; sourceTree = "<group>"; };
		EAFCB8661F7AB14400E26E76 /* AFNetworkActivityIndicatorManager.h */ = {isa = PBXFileReference; lastKnownFileType = sourcecode.c.h; path = AFNetworkActivityIndicatorManager.h; sourceTree = "<group>"; };
		EAFCB8681F7AB14400E26E76 /* Reachability.m */ = {isa = PBXFileReference; lastKnownFileType = sourcecode.c.objc; path = Reachability.m; sourceTree = "<group>"; };
		EAFCB8691F7AB14400E26E76 /* LICENCE.txt */ = {isa = PBXFileReference; lastKnownFileType = text; path = LICENCE.txt; sourceTree = "<group>"; };
		EAFCB86A1F7AB14400E26E76 /* README.md */ = {isa = PBXFileReference; lastKnownFileType = net.daringfireball.markdown; path = README.md; sourceTree = "<group>"; };
		EAFCB86B1F7AB14400E26E76 /* Reachability.h */ = {isa = PBXFileReference; lastKnownFileType = sourcecode.c.h; path = Reachability.h; sourceTree = "<group>"; };
		EAFCB86D1F7AB14400E26E76 /* LICENSE */ = {isa = PBXFileReference; lastKnownFileType = text; path = LICENSE; sourceTree = "<group>"; };
		EAFCB86E1F7AB14400E26E76 /* README.md */ = {isa = PBXFileReference; lastKnownFileType = net.daringfireball.markdown; path = README.md; sourceTree = "<group>"; };
		EAFCB8701F7AB14400E26E76 /* UIProgressView+AFNetworking.m */ = {isa = PBXFileReference; lastKnownFileType = sourcecode.c.objc; path = "UIProgressView+AFNetworking.m"; sourceTree = "<group>"; };
		EAFCB8711F7AB14400E26E76 /* UIButton+AFNetworking.h */ = {isa = PBXFileReference; lastKnownFileType = sourcecode.c.h; path = "UIButton+AFNetworking.h"; sourceTree = "<group>"; };
		EAFCB8721F7AB14400E26E76 /* UIRefreshControl+AFNetworking.m */ = {isa = PBXFileReference; lastKnownFileType = sourcecode.c.objc; path = "UIRefreshControl+AFNetworking.m"; sourceTree = "<group>"; };
		EAFCB8731F7AB14400E26E76 /* UIImageView+AFNetworking.h */ = {isa = PBXFileReference; lastKnownFileType = sourcecode.c.h; path = "UIImageView+AFNetworking.h"; sourceTree = "<group>"; };
		EAFCB8741F7AB14400E26E76 /* AFImageDownloader.h */ = {isa = PBXFileReference; lastKnownFileType = sourcecode.c.h; path = AFImageDownloader.h; sourceTree = "<group>"; };
		EAFCB8751F7AB14400E26E76 /* AFNetworkActivityIndicatorManager.m */ = {isa = PBXFileReference; lastKnownFileType = sourcecode.c.objc; path = AFNetworkActivityIndicatorManager.m; sourceTree = "<group>"; };
		EAFCB8761F7AB14400E26E76 /* AFAutoPurgingImageCache.h */ = {isa = PBXFileReference; lastKnownFileType = sourcecode.c.h; path = AFAutoPurgingImageCache.h; sourceTree = "<group>"; };
		EAFCB8771F7AB14400E26E76 /* UIWebView+AFNetworking.h */ = {isa = PBXFileReference; lastKnownFileType = sourcecode.c.h; path = "UIWebView+AFNetworking.h"; sourceTree = "<group>"; };
		EAFCB8781F7AB14400E26E76 /* UIActivityIndicatorView+AFNetworking.h */ = {isa = PBXFileReference; lastKnownFileType = sourcecode.c.h; path = "UIActivityIndicatorView+AFNetworking.h"; sourceTree = "<group>"; };
		EAFCB8791F7AB14400E26E76 /* UIImage+AFNetworking.h */ = {isa = PBXFileReference; lastKnownFileType = sourcecode.c.h; path = "UIImage+AFNetworking.h"; sourceTree = "<group>"; };
		EAFCB87A1F7AB14400E26E76 /* UIProgressView+AFNetworking.h */ = {isa = PBXFileReference; lastKnownFileType = sourcecode.c.h; path = "UIProgressView+AFNetworking.h"; sourceTree = "<group>"; };
		EAFCB87B1F7AB14400E26E76 /* UIImageView+AFNetworking.m */ = {isa = PBXFileReference; lastKnownFileType = sourcecode.c.objc; path = "UIImageView+AFNetworking.m"; sourceTree = "<group>"; };
		EAFCB87C1F7AB14400E26E76 /* UIKit+AFNetworking.h */ = {isa = PBXFileReference; lastKnownFileType = sourcecode.c.h; path = "UIKit+AFNetworking.h"; sourceTree = "<group>"; };
		EAFCB87D1F7AB14400E26E76 /* UIRefreshControl+AFNetworking.h */ = {isa = PBXFileReference; lastKnownFileType = sourcecode.c.h; path = "UIRefreshControl+AFNetworking.h"; sourceTree = "<group>"; };
		EAFCB87E1F7AB14400E26E76 /* UIButton+AFNetworking.m */ = {isa = PBXFileReference; lastKnownFileType = sourcecode.c.objc; path = "UIButton+AFNetworking.m"; sourceTree = "<group>"; };
		EAFCB87F1F7AB14400E26E76 /* UIActivityIndicatorView+AFNetworking.m */ = {isa = PBXFileReference; lastKnownFileType = sourcecode.c.objc; path = "UIActivityIndicatorView+AFNetworking.m"; sourceTree = "<group>"; };
		EAFCB8801F7AB14400E26E76 /* UIWebView+AFNetworking.m */ = {isa = PBXFileReference; lastKnownFileType = sourcecode.c.objc; path = "UIWebView+AFNetworking.m"; sourceTree = "<group>"; };
		EAFCB8811F7AB14400E26E76 /* AFAutoPurgingImageCache.m */ = {isa = PBXFileReference; lastKnownFileType = sourcecode.c.objc; path = AFAutoPurgingImageCache.m; sourceTree = "<group>"; };
		EAFCB8821F7AB14400E26E76 /* AFNetworkActivityIndicatorManager.h */ = {isa = PBXFileReference; lastKnownFileType = sourcecode.c.h; path = AFNetworkActivityIndicatorManager.h; sourceTree = "<group>"; };
		EAFCB8831F7AB14400E26E76 /* AFImageDownloader.m */ = {isa = PBXFileReference; lastKnownFileType = sourcecode.c.objc; path = AFImageDownloader.m; sourceTree = "<group>"; };
		EAFCB8851F7AB14400E26E76 /* AFSecurityPolicy.h */ = {isa = PBXFileReference; lastKnownFileType = sourcecode.c.h; path = AFSecurityPolicy.h; sourceTree = "<group>"; };
		EAFCB8861F7AB14400E26E76 /* AFNetworkReachabilityManager.h */ = {isa = PBXFileReference; lastKnownFileType = sourcecode.c.h; path = AFNetworkReachabilityManager.h; sourceTree = "<group>"; };
		EAFCB8871F7AB14400E26E76 /* AFURLSessionManager.h */ = {isa = PBXFileReference; lastKnownFileType = sourcecode.c.h; path = AFURLSessionManager.h; sourceTree = "<group>"; };
		EAFCB8881F7AB14400E26E76 /* AFURLRequestSerialization.h */ = {isa = PBXFileReference; lastKnownFileType = sourcecode.c.h; path = AFURLRequestSerialization.h; sourceTree = "<group>"; };
		EAFCB8891F7AB14400E26E76 /* AFURLResponseSerialization.m */ = {isa = PBXFileReference; lastKnownFileType = sourcecode.c.objc; path = AFURLResponseSerialization.m; sourceTree = "<group>"; };
		EAFCB88A1F7AB14400E26E76 /* AFHTTPSessionManager.m */ = {isa = PBXFileReference; lastKnownFileType = sourcecode.c.objc; path = AFHTTPSessionManager.m; sourceTree = "<group>"; };
		EAFCB88B1F7AB14400E26E76 /* AFURLResponseSerialization.h */ = {isa = PBXFileReference; lastKnownFileType = sourcecode.c.h; path = AFURLResponseSerialization.h; sourceTree = "<group>"; };
		EAFCB88C1F7AB14400E26E76 /* AFURLSessionManager.m */ = {isa = PBXFileReference; lastKnownFileType = sourcecode.c.objc; path = AFURLSessionManager.m; sourceTree = "<group>"; };
		EAFCB88D1F7AB14400E26E76 /* AFURLRequestSerialization.m */ = {isa = PBXFileReference; lastKnownFileType = sourcecode.c.objc; path = AFURLRequestSerialization.m; sourceTree = "<group>"; };
		EAFCB88E1F7AB14400E26E76 /* AFNetworking.h */ = {isa = PBXFileReference; lastKnownFileType = sourcecode.c.h; path = AFNetworking.h; sourceTree = "<group>"; };
		EAFCB88F1F7AB14400E26E76 /* AFNetworkReachabilityManager.m */ = {isa = PBXFileReference; lastKnownFileType = sourcecode.c.objc; path = AFNetworkReachabilityManager.m; sourceTree = "<group>"; };
		EAFCB8901F7AB14400E26E76 /* AFSecurityPolicy.m */ = {isa = PBXFileReference; lastKnownFileType = sourcecode.c.objc; path = AFSecurityPolicy.m; sourceTree = "<group>"; };
		EAFCB8911F7AB14400E26E76 /* AFHTTPSessionManager.h */ = {isa = PBXFileReference; lastKnownFileType = sourcecode.c.h; path = AFHTTPSessionManager.h; sourceTree = "<group>"; };
		EAFCB8921F7AB14400E26E76 /* Podfile */ = {isa = PBXFileReference; lastKnownFileType = text; path = Podfile; sourceTree = "<group>"; xcLanguageSpecificationIdentifier = xcode.lang.ruby; };
		EAFCB8931F7AB14400E26E76 /* Podfile.lock */ = {isa = PBXFileReference; lastKnownFileType = text; path = Podfile.lock; sourceTree = "<group>"; };
		EAFCB8951F7AB14400E26E76 /* WXDownloadManager.h */ = {isa = PBXFileReference; lastKnownFileType = sourcecode.c.h; path = WXDownloadManager.h; sourceTree = "<group>"; };
		EAFCB8961F7AB14400E26E76 /* WXDownloadModel.h */ = {isa = PBXFileReference; lastKnownFileType = sourcecode.c.h; path = WXDownloadModel.h; sourceTree = "<group>"; };
		EAFCB8971F7AB14400E26E76 /* NSData+Additions.h */ = {isa = PBXFileReference; lastKnownFileType = sourcecode.c.h; path = "NSData+Additions.h"; sourceTree = "<group>"; };
		EAFCB8981F7AB14400E26E76 /* NSString+Additions.m */ = {isa = PBXFileReference; lastKnownFileType = sourcecode.c.objc; path = "NSString+Additions.m"; sourceTree = "<group>"; };
		EAFCB8991F7AB14400E26E76 /* WXAudioQueuePlayer.m */ = {isa = PBXFileReference; lastKnownFileType = sourcecode.c.objc; path = WXAudioQueuePlayer.m; sourceTree = "<group>"; };
		EAFCB89A1F7AB14400E26E76 /* WXDownloadManager+FileAdditions.m */ = {isa = PBXFileReference; lastKnownFileType = sourcecode.c.objc; path = "WXDownloadManager+FileAdditions.m"; sourceTree = "<group>"; };
		EAFCB89B1F7AB14400E26E76 /* WXDownloadManager.m */ = {isa = PBXFileReference; lastKnownFileType = sourcecode.c.objc; path = WXDownloadManager.m; sourceTree = "<group>"; };
		EAFCB89C1F7AB14400E26E76 /* NSString+Additions.h */ = {isa = PBXFileReference; lastKnownFileType = sourcecode.c.h; path = "NSString+Additions.h"; sourceTree = "<group>"; };
		EAFCB89D1F7AB14400E26E76 /* WXDownloadModel.m */ = {isa = PBXFileReference; lastKnownFileType = sourcecode.c.objc; path = WXDownloadModel.m; sourceTree = "<group>"; };
		EAFCB89E1F7AB14400E26E76 /* NSData+Additions.m */ = {isa = PBXFileReference; lastKnownFileType = sourcecode.c.objc; path = "NSData+Additions.m"; sourceTree = "<group>"; };
		EAFCB89F1F7AB14400E26E76 /* WXAudioDownloadManager.h */ = {isa = PBXFileReference; lastKnownFileType = sourcecode.c.h; path = WXAudioDownloadManager.h; sourceTree = "<group>"; };
		EAFCB8A01F7AB14400E26E76 /* WXAudioQueuePlayer.h */ = {isa = PBXFileReference; lastKnownFileType = sourcecode.c.h; path = WXAudioQueuePlayer.h; sourceTree = "<group>"; };
		EAFCB8A11F7AB14400E26E76 /* WXDownloadManager+FileAdditions.h */ = {isa = PBXFileReference; lastKnownFileType = sourcecode.c.h; path = "WXDownloadManager+FileAdditions.h"; sourceTree = "<group>"; };
		EAFCB8A21F7AB14400E26E76 /* Info.plist */ = {isa = PBXFileReference; lastKnownFileType = text.plist.xml; path = Info.plist; sourceTree = "<group>"; };
/* End PBXFileReference section */

/* Begin PBXFrameworksBuildPhase section */
		EAFCB77C1F7AB09200E26E76 /* Frameworks */ = {
			isa = PBXFrameworksBuildPhase;
			buildActionMask = 2147483647;
			files = (
				EA1622751F889C0D00B5D57D /* WXAudioDownloadManager.framework in Frameworks */,
				EAD66D341F7BF62B00B5D1B0 /* libPods-WXAudioDownloadManager.a in Frameworks */,
			);
			runOnlyForDeploymentPostprocessing = 0;
		};
/* End PBXFrameworksBuildPhase section */

/* Begin PBXGroup section */
		EAD66D331F7BF62B00B5D1B0 /* Frameworks */ = {
			isa = PBXGroup;
			children = (
			);
			name = Frameworks;
			sourceTree = "<group>";
		};
		EAFCB7761F7AB09200E26E76 = {
			isa = PBXGroup;
			children = (
				EAFCB7981F7AB14400E26E76 /* WXAudioDownloadManager */,
				EAFCB7811F7AB09200E26E76 /* WXPlayerAndDownloadDemo */,
				EAFCB7801F7AB09200E26E76 /* Products */,
				EAD66D331F7BF62B00B5D1B0 /* Frameworks */,
			);
			sourceTree = "<group>";
		};
		EAFCB7801F7AB09200E26E76 /* Products */ = {
			isa = PBXGroup;
			children = (
				EAFCB77F1F7AB09200E26E76 /* WXPlayerAndDownloadDemo.app */,
			);
			name = Products;
			sourceTree = "<group>";
		};
		EAFCB7811F7AB09200E26E76 /* WXPlayerAndDownloadDemo */ = {
			isa = PBXGroup;
			children = (
				EAFCB7821F7AB09200E26E76 /* AppDelegate.h */,
				EAFCB7831F7AB09200E26E76 /* AppDelegate.m */,
				EAFCB7851F7AB09200E26E76 /* ViewController.h */,
				EAFCB7861F7AB09200E26E76 /* ViewController.m */,
				EAFCB7881F7AB09200E26E76 /* Main.storyboard */,
				EAFCB78B1F7AB09200E26E76 /* Assets.xcassets */,
				EAFCB78D1F7AB09200E26E76 /* LaunchScreen.storyboard */,
				EAFCB7901F7AB09200E26E76 /* Info.plist */,
				EAFCB7911F7AB09200E26E76 /* main.m */,
				EAD66D301F7BF1F600B5D1B0 /* WXAudioListCell.h */,
				EAD66D311F7BF1F600B5D1B0 /* WXAudioListCell.m */,
			);
			path = WXPlayerAndDownloadDemo;
			sourceTree = "<group>";
		};
		EAFCB7981F7AB14400E26E76 /* WXAudioDownloadManager */ = {
			isa = PBXGroup;
			children = (
				EAFCB7991F7AB14400E26E76 /* WXAudioDownloadManagerTests */,
				EAFCB79C1F7AB14400E26E76 /* WXAudioDownloadManager.xcworkspace */,
				EAFCB79D1F7AB14400E26E76 /* README.md */,
				EAFCB79E1F7AB14400E26E76 /* WXAudioDownloadManager.xcodeproj */,
				EAFCB7A11F7AB14400E26E76 /* Pods */,
				EAFCB8921F7AB14400E26E76 /* Podfile */,
				EAFCB8931F7AB14400E26E76 /* Podfile.lock */,
				EAFCB8941F7AB14400E26E76 /* WXAudioDownloadManager */,
			);
			path = WXAudioDownloadManager;
			sourceTree = "<group>";
		};
		EAFCB7991F7AB14400E26E76 /* WXAudioDownloadManagerTests */ = {
			isa = PBXGroup;
			children = (
				EAFCB79A1F7AB14400E26E76 /* WXAudioDownloadManagerTests.m */,
				EAFCB79B1F7AB14400E26E76 /* Info.plist */,
			);
			path = WXAudioDownloadManagerTests;
			sourceTree = "<group>";
		};
		EAFCB79F1F7AB14400E26E76 /* Products */ = {
			isa = PBXGroup;
			children = (
				EAFCB8B81F7AB14400E26E76 /* WXAudioDownloadManager.framework */,
				EAFCB8BA1F7AB14400E26E76 /* WXAudioDownloadManagerTests.xctest */,
			);
			name = Products;
			sourceTree = "<group>";
		};
		EAFCB7A11F7AB14400E26E76 /* Pods */ = {
			isa = PBXGroup;
			children = (
				EAFCB7A21F7AB14400E26E76 /* Pods.xcodeproj */,
				EAFCB7A51F7AB14400E26E76 /* FreeStreamer */,
				EAFCB7CA1F7AB14400E26E76 /* FCFileManager */,
				EAFCB7D01F7AB14400E26E76 /* Target Support Files */,
				EAFCB7EC1F7AB14400E26E76 /* Manifest.lock */,
				EAFCB8051F7AB14400E26E76 /* Headers */,
				EAFCB8671F7AB14400E26E76 /* Reachability */,
				EAFCB86C1F7AB14400E26E76 /* AFNetworking */,
			);
			path = Pods;
			sourceTree = "<group>";
		};
		EAFCB7A31F7AB14400E26E76 /* Products */ = {
			isa = PBXGroup;
			children = (
				EAFCB8AA1F7AB14400E26E76 /* libAFNetworking.a */,
				EA16227F1F88D77F00B5D57D /* libBGDB_OC.a */,
				EAFCB8AE1F7AB14400E26E76 /* libFCFileManager.a */,
				EAFCB8B01F7AB14400E26E76 /* libFreeStreamer.a */,
				EAFCB8B21F7AB14400E26E76 /* libPods-WXAudioDownloadManager.a */,
				EAFCB8B41F7AB14400E26E76 /* libReachability.a */,
			);
			name = Products;
			sourceTree = "<group>";
		};
		EAFCB7A51F7AB14400E26E76 /* FreeStreamer */ = {
			isa = PBXGroup;
			children = (
				EAFCB7A61F7AB14400E26E76 /* FreeStreamer */,
				EAFCB7C81F7AB14400E26E76 /* README.markdown */,
				EAFCB7C91F7AB14400E26E76 /* LICENSE.txt */,
			);
			path = FreeStreamer;
			sourceTree = "<group>";
		};
		EAFCB7A61F7AB14400E26E76 /* FreeStreamer */ = {
			isa = PBXGroup;
			children = (
				EAFCB7A71F7AB14400E26E76 /* FreeStreamer */,
			);
			path = FreeStreamer;
			sourceTree = "<group>";
		};
		EAFCB7A71F7AB14400E26E76 /* FreeStreamer */ = {
			isa = PBXGroup;
			children = (
				EAFCB7A81F7AB14400E26E76 /* audio_queue.h */,
				EAFCB7A91F7AB14400E26E76 /* FSParseRssPodcastFeedRequest.m */,
				EAFCB7AA1F7AB14400E26E76 /* FSXMLHttpRequest.h */,
				EAFCB7AB1F7AB14400E26E76 /* http_stream.cpp */,
				EAFCB7AC1F7AB14400E26E76 /* FSPlaylistItem.m */,
				EAFCB7AD1F7AB14400E26E76 /* audio_stream.cpp */,
				EAFCB7AE1F7AB14400E26E76 /* FSParsePlaylistRequest.h */,
				EAFCB7AF1F7AB14400E26E76 /* id3_parser.cpp */,
				EAFCB7B01F7AB14400E26E76 /* FSCheckContentTypeRequest.m */,
				EAFCB7B11F7AB14400E26E76 /* stream_configuration.cpp */,
				EAFCB7B21F7AB14400E26E76 /* file_stream.h */,
				EAFCB7B31F7AB14400E26E76 /* input_stream.cpp */,
				EAFCB7B41F7AB14400E26E76 /* input_stream.h */,
				EAFCB7B51F7AB14400E26E76 /* file_output.h */,
				EAFCB7B61F7AB14400E26E76 /* FSAudioController.m */,
				EAFCB7B71F7AB14400E26E76 /* file_output.cpp */,
				EAFCB7B81F7AB14400E26E76 /* caching_stream.cpp */,
				EAFCB7B91F7AB14400E26E76 /* audio_stream.h */,
				EAFCB7BA1F7AB14400E26E76 /* http_stream.h */,
				EAFCB7BB1F7AB14400E26E76 /* FSPlaylistItem.h */,
				EAFCB7BC1F7AB14400E26E76 /* FSXMLHttpRequest.m */,
				EAFCB7BD1F7AB14400E26E76 /* FSParseRssPodcastFeedRequest.h */,
				EAFCB7BE1F7AB14400E26E76 /* FSAudioStream.mm */,
				EAFCB7BF1F7AB14400E26E76 /* id3_parser.h */,
				EAFCB7C01F7AB14400E26E76 /* audio_queue.cpp */,
				EAFCB7C11F7AB14400E26E76 /* FSCheckContentTypeRequest.h */,
				EAFCB7C21F7AB14400E26E76 /* file_stream.cpp */,
				EAFCB7C31F7AB14400E26E76 /* FSParsePlaylistRequest.m */,
				EAFCB7C41F7AB14400E26E76 /* FSAudioStream.h */,
				EAFCB7C51F7AB14400E26E76 /* FSAudioController.h */,
				EAFCB7C61F7AB14400E26E76 /* stream_configuration.h */,
				EAFCB7C71F7AB14400E26E76 /* caching_stream.h */,
			);
			path = FreeStreamer;
			sourceTree = "<group>";
		};
		EAFCB7CA1F7AB14400E26E76 /* FCFileManager */ = {
			isa = PBXGroup;
			children = (
				EAFCB7CB1F7AB14400E26E76 /* LICENSE */,
				EAFCB7CC1F7AB14400E26E76 /* FCFileManager */,
				EAFCB7CF1F7AB14400E26E76 /* README.md */,
			);
			path = FCFileManager;
			sourceTree = "<group>";
		};
		EAFCB7CC1F7AB14400E26E76 /* FCFileManager */ = {
			isa = PBXGroup;
			children = (
				EAFCB7CD1F7AB14400E26E76 /* FCFileManager.h */,
				EAFCB7CE1F7AB14400E26E76 /* FCFileManager.m */,
			);
			path = FCFileManager;
			sourceTree = "<group>";
		};
		EAFCB7D01F7AB14400E26E76 /* Target Support Files */ = {
			isa = PBXGroup;
			children = (
				EAFCB7D11F7AB14400E26E76 /* FreeStreamer */,
				EAFCB7D51F7AB14400E26E76 /* FCFileManager */,
				EAFCB7DD1F7AB14400E26E76 /* Reachability */,
				EAFCB7E11F7AB14400E26E76 /* AFNetworking */,
				EAFCB7E51F7AB14400E26E76 /* Pods-WXAudioDownloadManager */,
			);
			path = "Target Support Files";
			sourceTree = "<group>";
		};
		EAFCB7D11F7AB14400E26E76 /* FreeStreamer */ = {
			isa = PBXGroup;
			children = (
				EAFCB7D21F7AB14400E26E76 /* FreeStreamer-prefix.pch */,
				EAFCB7D31F7AB14400E26E76 /* FreeStreamer.xcconfig */,
				EAFCB7D41F7AB14400E26E76 /* FreeStreamer-dummy.m */,
			);
			path = FreeStreamer;
			sourceTree = "<group>";
		};
		EAFCB7D51F7AB14400E26E76 /* FCFileManager */ = {
			isa = PBXGroup;
			children = (
				EAFCB7D61F7AB14400E26E76 /* FCFileManager.xcconfig */,
				EAFCB7D71F7AB14400E26E76 /* FCFileManager-dummy.m */,
				EAFCB7D81F7AB14400E26E76 /* FCFileManager-prefix.pch */,
			);
			path = FCFileManager;
			sourceTree = "<group>";
		};
		EAFCB7DD1F7AB14400E26E76 /* Reachability */ = {
			isa = PBXGroup;
			children = (
				EAFCB7DE1F7AB14400E26E76 /* Reachability-prefix.pch */,
				EAFCB7DF1F7AB14400E26E76 /* Reachability.xcconfig */,
				EAFCB7E01F7AB14400E26E76 /* Reachability-dummy.m */,
			);
			path = Reachability;
			sourceTree = "<group>";
		};
		EAFCB7E11F7AB14400E26E76 /* AFNetworking */ = {
			isa = PBXGroup;
			children = (
				EAFCB7E21F7AB14400E26E76 /* AFNetworking-prefix.pch */,
				EAFCB7E31F7AB14400E26E76 /* AFNetworking.xcconfig */,
				EAFCB7E41F7AB14400E26E76 /* AFNetworking-dummy.m */,
			);
			path = AFNetworking;
			sourceTree = "<group>";
		};
		EAFCB7E51F7AB14400E26E76 /* Pods-WXAudioDownloadManager */ = {
			isa = PBXGroup;
			children = (
				EAFCB7E61F7AB14400E26E76 /* Pods-WXAudioDownloadManager-resources.sh */,
				EAFCB7E71F7AB14400E26E76 /* Pods-WXAudioDownloadManager.release.xcconfig */,
				EAFCB7E81F7AB14400E26E76 /* Pods-WXAudioDownloadManager-acknowledgements.markdown */,
				EAFCB7E91F7AB14400E26E76 /* Pods-WXAudioDownloadManager.debug.xcconfig */,
				EAFCB7EA1F7AB14400E26E76 /* Pods-WXAudioDownloadManager-acknowledgements.plist */,
				EAFCB7EB1F7AB14400E26E76 /* Pods-WXAudioDownloadManager-dummy.m */,
			);
			path = "Pods-WXAudioDownloadManager";
			sourceTree = "<group>";
		};
		EAFCB8051F7AB14400E26E76 /* Headers */ = {
			isa = PBXGroup;
			children = (
				EAFCB8061F7AB14400E26E76 /* Public */,
				EAFCB8321F7AB14400E26E76 /* Private */,
			);
			path = Headers;
			sourceTree = "<group>";
		};
		EAFCB8061F7AB14400E26E76 /* Public */ = {
			isa = PBXGroup;
			children = (
				EAFCB8071F7AB14400E26E76 /* FreeStreamer */,
				EAFCB80F1F7AB14400E26E76 /* FCFileManager */,
				EAFCB81D1F7AB14400E26E76 /* Reachability */,
				EAFCB81F1F7AB14400E26E76 /* AFNetworking */,
			);
			path = Public;
			sourceTree = "<group>";
		};
		EAFCB8071F7AB14400E26E76 /* FreeStreamer */ = {
			isa = PBXGroup;
			children = (
				EAFCB8081F7AB14400E26E76 /* FSXMLHttpRequest.h */,
				EAFCB8091F7AB14400E26E76 /* FSParsePlaylistRequest.h */,
				EAFCB80A1F7AB14400E26E76 /* FSPlaylistItem.h */,
				EAFCB80B1F7AB14400E26E76 /* FSParseRssPodcastFeedRequest.h */,
				EAFCB80C1F7AB14400E26E76 /* FSCheckContentTypeRequest.h */,
				EAFCB80D1F7AB14400E26E76 /* FSAudioStream.h */,
				EAFCB80E1F7AB14400E26E76 /* FSAudioController.h */,
			);
			path = FreeStreamer;
			sourceTree = "<group>";
		};
		EAFCB80F1F7AB14400E26E76 /* FCFileManager */ = {
			isa = PBXGroup;
			children = (
				EAFCB8101F7AB14400E26E76 /* FCFileManager.h */,
			);
			path = FCFileManager;
			sourceTree = "<group>";
		};
		EAFCB81D1F7AB14400E26E76 /* Reachability */ = {
			isa = PBXGroup;
			children = (
				EAFCB81E1F7AB14400E26E76 /* Reachability.h */,
			);
			path = Reachability;
			sourceTree = "<group>";
		};
		EAFCB81F1F7AB14400E26E76 /* AFNetworking */ = {
			isa = PBXGroup;
			children = (
				EAFCB8201F7AB14400E26E76 /* AFSecurityPolicy.h */,
				EAFCB8211F7AB14400E26E76 /* AFNetworkReachabilityManager.h */,
				EAFCB8221F7AB14400E26E76 /* AFURLSessionManager.h */,
				EAFCB8231F7AB14400E26E76 /* AFURLRequestSerialization.h */,
				EAFCB8241F7AB14400E26E76 /* UIButton+AFNetworking.h */,
				EAFCB8251F7AB14400E26E76 /* UIImageView+AFNetworking.h */,
				EAFCB8261F7AB14400E26E76 /* AFImageDownloader.h */,
				EAFCB8271F7AB14400E26E76 /* AFAutoPurgingImageCache.h */,
				EAFCB8281F7AB14400E26E76 /* UIWebView+AFNetworking.h */,
				EAFCB8291F7AB14400E26E76 /* UIActivityIndicatorView+AFNetworking.h */,
				EAFCB82A1F7AB14400E26E76 /* AFURLResponseSerialization.h */,
				EAFCB82B1F7AB14400E26E76 /* UIImage+AFNetworking.h */,
				EAFCB82C1F7AB14400E26E76 /* AFNetworking.h */,
				EAFCB82D1F7AB14400E26E76 /* UIProgressView+AFNetworking.h */,
				EAFCB82E1F7AB14400E26E76 /* UIKit+AFNetworking.h */,
				EAFCB82F1F7AB14400E26E76 /* UIRefreshControl+AFNetworking.h */,
				EAFCB8301F7AB14400E26E76 /* AFHTTPSessionManager.h */,
				EAFCB8311F7AB14400E26E76 /* AFNetworkActivityIndicatorManager.h */,
			);
			path = AFNetworking;
			sourceTree = "<group>";
		};
		EAFCB8321F7AB14400E26E76 /* Private */ = {
			isa = PBXGroup;
			children = (
				EAFCB8331F7AB14400E26E76 /* FreeStreamer */,
				EAFCB8441F7AB14400E26E76 /* FCFileManager */,
				EAFCB8461F7AB14400E26E76 /* BGFMDB */,
				EAFCB8521F7AB14400E26E76 /* Reachability */,
				EAFCB8541F7AB14400E26E76 /* AFNetworking */,
			);
			path = Private;
			sourceTree = "<group>";
		};
		EAFCB8331F7AB14400E26E76 /* FreeStreamer */ = {
			isa = PBXGroup;
			children = (
				EAFCB8341F7AB14400E26E76 /* audio_queue.h */,
				EAFCB8351F7AB14400E26E76 /* FSXMLHttpRequest.h */,
				EAFCB8361F7AB14400E26E76 /* FSParsePlaylistRequest.h */,
				EAFCB8371F7AB14400E26E76 /* file_stream.h */,
				EAFCB8381F7AB14400E26E76 /* input_stream.h */,
				EAFCB8391F7AB14400E26E76 /* file_output.h */,
				EAFCB83A1F7AB14400E26E76 /* audio_stream.h */,
				EAFCB83B1F7AB14400E26E76 /* http_stream.h */,
				EAFCB83C1F7AB14400E26E76 /* FSPlaylistItem.h */,
				EAFCB83D1F7AB14400E26E76 /* FSParseRssPodcastFeedRequest.h */,
				EAFCB83E1F7AB14400E26E76 /* id3_parser.h */,
				EAFCB83F1F7AB14400E26E76 /* FSCheckContentTypeRequest.h */,
				EAFCB8401F7AB14400E26E76 /* FSAudioStream.h */,
				EAFCB8411F7AB14400E26E76 /* FSAudioController.h */,
				EAFCB8421F7AB14400E26E76 /* stream_configuration.h */,
				EAFCB8431F7AB14400E26E76 /* caching_stream.h */,
			);
			path = FreeStreamer;
			sourceTree = "<group>";
		};
		EAFCB8441F7AB14400E26E76 /* FCFileManager */ = {
			isa = PBXGroup;
			children = (
				EAFCB8451F7AB14400E26E76 /* FCFileManager.h */,
			);
			path = FCFileManager;
			sourceTree = "<group>";
		};
		EAFCB8461F7AB14400E26E76 /* BGFMDB */ = {
			isa = PBXGroup;
			children = (
				EAFCB8471F7AB14400E26E76 /* FMDatabase.h */,
				EAFCB8481F7AB14400E26E76 /* BGModelInfo.h */,
				EAFCB8491F7AB14400E26E76 /* NSObject+BGModel.h */,
				EAFCB84A1F7AB14400E26E76 /* BGTool.h */,
				EAFCB84B1F7AB14400E26E76 /* FMResultSet.h */,
				EAFCB84C1F7AB14400E26E76 /* FMDatabasePool.h */,
				EAFCB84D1F7AB14400E26E76 /* BGFMDB.h */,
				EAFCB84E1F7AB14400E26E76 /* BGFMDBConfig.h */,
				EAFCB84F1F7AB14400E26E76 /* FMDatabaseQueue.h */,
				EAFCB8501F7AB14400E26E76 /* FMDB.h */,
				EAFCB8511F7AB14400E26E76 /* FMDatabaseAdditions.h */,
			);
			path = BGFMDB;
			sourceTree = "<group>";
		};
		EAFCB8521F7AB14400E26E76 /* Reachability */ = {
			isa = PBXGroup;
			children = (
				EAFCB8531F7AB14400E26E76 /* Reachability.h */,
			);
			path = Reachability;
			sourceTree = "<group>";
		};
		EAFCB8541F7AB14400E26E76 /* AFNetworking */ = {
			isa = PBXGroup;
			children = (
				EAFCB8551F7AB14400E26E76 /* AFSecurityPolicy.h */,
				EAFCB8561F7AB14400E26E76 /* AFNetworkReachabilityManager.h */,
				EAFCB8571F7AB14400E26E76 /* AFURLSessionManager.h */,
				EAFCB8581F7AB14400E26E76 /* AFURLRequestSerialization.h */,
				EAFCB8591F7AB14400E26E76 /* UIButton+AFNetworking.h */,
				EAFCB85A1F7AB14400E26E76 /* UIImageView+AFNetworking.h */,
				EAFCB85B1F7AB14400E26E76 /* AFImageDownloader.h */,
				EAFCB85C1F7AB14400E26E76 /* AFAutoPurgingImageCache.h */,
				EAFCB85D1F7AB14400E26E76 /* UIWebView+AFNetworking.h */,
				EAFCB85E1F7AB14400E26E76 /* UIActivityIndicatorView+AFNetworking.h */,
				EAFCB85F1F7AB14400E26E76 /* AFURLResponseSerialization.h */,
				EAFCB8601F7AB14400E26E76 /* UIImage+AFNetworking.h */,
				EAFCB8611F7AB14400E26E76 /* AFNetworking.h */,
				EAFCB8621F7AB14400E26E76 /* UIProgressView+AFNetworking.h */,
				EAFCB8631F7AB14400E26E76 /* UIKit+AFNetworking.h */,
				EAFCB8641F7AB14400E26E76 /* UIRefreshControl+AFNetworking.h */,
				EAFCB8651F7AB14400E26E76 /* AFHTTPSessionManager.h */,
				EAFCB8661F7AB14400E26E76 /* AFNetworkActivityIndicatorManager.h */,
			);
			path = AFNetworking;
			sourceTree = "<group>";
		};
		EAFCB8671F7AB14400E26E76 /* Reachability */ = {
			isa = PBXGroup;
			children = (
				EAFCB8681F7AB14400E26E76 /* Reachability.m */,
				EAFCB8691F7AB14400E26E76 /* LICENCE.txt */,
				EAFCB86A1F7AB14400E26E76 /* README.md */,
				EAFCB86B1F7AB14400E26E76 /* Reachability.h */,
			);
			path = Reachability;
			sourceTree = "<group>";
		};
		EAFCB86C1F7AB14400E26E76 /* AFNetworking */ = {
			isa = PBXGroup;
			children = (
				EAFCB86D1F7AB14400E26E76 /* LICENSE */,
				EAFCB86E1F7AB14400E26E76 /* README.md */,
				EAFCB86F1F7AB14400E26E76 /* UIKit+AFNetworking */,
				EAFCB8841F7AB14400E26E76 /* AFNetworking */,
			);
			path = AFNetworking;
			sourceTree = "<group>";
		};
		EAFCB86F1F7AB14400E26E76 /* UIKit+AFNetworking */ = {
			isa = PBXGroup;
			children = (
				EAFCB8701F7AB14400E26E76 /* UIProgressView+AFNetworking.m */,
				EAFCB8711F7AB14400E26E76 /* UIButton+AFNetworking.h */,
				EAFCB8721F7AB14400E26E76 /* UIRefreshControl+AFNetworking.m */,
				EAFCB8731F7AB14400E26E76 /* UIImageView+AFNetworking.h */,
				EAFCB8741F7AB14400E26E76 /* AFImageDownloader.h */,
				EAFCB8751F7AB14400E26E76 /* AFNetworkActivityIndicatorManager.m */,
				EAFCB8761F7AB14400E26E76 /* AFAutoPurgingImageCache.h */,
				EAFCB8771F7AB14400E26E76 /* UIWebView+AFNetworking.h */,
				EAFCB8781F7AB14400E26E76 /* UIActivityIndicatorView+AFNetworking.h */,
				EAFCB8791F7AB14400E26E76 /* UIImage+AFNetworking.h */,
				EAFCB87A1F7AB14400E26E76 /* UIProgressView+AFNetworking.h */,
				EAFCB87B1F7AB14400E26E76 /* UIImageView+AFNetworking.m */,
				EAFCB87C1F7AB14400E26E76 /* UIKit+AFNetworking.h */,
				EAFCB87D1F7AB14400E26E76 /* UIRefreshControl+AFNetworking.h */,
				EAFCB87E1F7AB14400E26E76 /* UIButton+AFNetworking.m */,
				EAFCB87F1F7AB14400E26E76 /* UIActivityIndicatorView+AFNetworking.m */,
				EAFCB8801F7AB14400E26E76 /* UIWebView+AFNetworking.m */,
				EAFCB8811F7AB14400E26E76 /* AFAutoPurgingImageCache.m */,
				EAFCB8821F7AB14400E26E76 /* AFNetworkActivityIndicatorManager.h */,
				EAFCB8831F7AB14400E26E76 /* AFImageDownloader.m */,
			);
			path = "UIKit+AFNetworking";
			sourceTree = "<group>";
		};
		EAFCB8841F7AB14400E26E76 /* AFNetworking */ = {
			isa = PBXGroup;
			children = (
				EAFCB8851F7AB14400E26E76 /* AFSecurityPolicy.h */,
				EAFCB8861F7AB14400E26E76 /* AFNetworkReachabilityManager.h */,
				EAFCB8871F7AB14400E26E76 /* AFURLSessionManager.h */,
				EAFCB8881F7AB14400E26E76 /* AFURLRequestSerialization.h */,
				EAFCB8891F7AB14400E26E76 /* AFURLResponseSerialization.m */,
				EAFCB88A1F7AB14400E26E76 /* AFHTTPSessionManager.m */,
				EAFCB88B1F7AB14400E26E76 /* AFURLResponseSerialization.h */,
				EAFCB88C1F7AB14400E26E76 /* AFURLSessionManager.m */,
				EAFCB88D1F7AB14400E26E76 /* AFURLRequestSerialization.m */,
				EAFCB88E1F7AB14400E26E76 /* AFNetworking.h */,
				EAFCB88F1F7AB14400E26E76 /* AFNetworkReachabilityManager.m */,
				EAFCB8901F7AB14400E26E76 /* AFSecurityPolicy.m */,
				EAFCB8911F7AB14400E26E76 /* AFHTTPSessionManager.h */,
			);
			path = AFNetworking;
			sourceTree = "<group>";
		};
		EAFCB8941F7AB14400E26E76 /* WXAudioDownloadManager */ = {
			isa = PBXGroup;
			children = (
				EAFCB8951F7AB14400E26E76 /* WXDownloadManager.h */,
				EAFCB8961F7AB14400E26E76 /* WXDownloadModel.h */,
				EAFCB8971F7AB14400E26E76 /* NSData+Additions.h */,
				EAFCB8981F7AB14400E26E76 /* NSString+Additions.m */,
				EAFCB8991F7AB14400E26E76 /* WXAudioQueuePlayer.m */,
				EAFCB89A1F7AB14400E26E76 /* WXDownloadManager+FileAdditions.m */,
				EAFCB89B1F7AB14400E26E76 /* WXDownloadManager.m */,
				EAFCB89C1F7AB14400E26E76 /* NSString+Additions.h */,
				EAFCB89D1F7AB14400E26E76 /* WXDownloadModel.m */,
				EAFCB89E1F7AB14400E26E76 /* NSData+Additions.m */,
				EAFCB89F1F7AB14400E26E76 /* WXAudioDownloadManager.h */,
				EAFCB8A01F7AB14400E26E76 /* WXAudioQueuePlayer.h */,
				EAFCB8A11F7AB14400E26E76 /* WXDownloadManager+FileAdditions.h */,
				EAFCB8A21F7AB14400E26E76 /* Info.plist */,
			);
			path = WXAudioDownloadManager;
			sourceTree = "<group>";
		};
/* End PBXGroup section */

/* Begin PBXNativeTarget section */
		EAFCB77E1F7AB09200E26E76 /* WXPlayerAndDownloadDemo */ = {
			isa = PBXNativeTarget;
			buildConfigurationList = EAFCB7951F7AB09200E26E76 /* Build configuration list for PBXNativeTarget "WXPlayerAndDownloadDemo" */;
			buildPhases = (
				EAFCB77B1F7AB09200E26E76 /* Sources */,
				EAFCB77C1F7AB09200E26E76 /* Frameworks */,
				EAFCB77D1F7AB09200E26E76 /* Resources */,
			);
			buildRules = (
			);
			dependencies = (
			);
			name = WXPlayerAndDownloadDemo;
			productName = WXPlayerAndDownloadDemo;
			productReference = EAFCB77F1F7AB09200E26E76 /* WXPlayerAndDownloadDemo.app */;
			productType = "com.apple.product-type.application";
		};
/* End PBXNativeTarget section */

/* Begin PBXProject section */
		EAFCB7771F7AB09200E26E76 /* Project object */ = {
			isa = PBXProject;
			attributes = {
				LastUpgradeCheck = 0900;
				ORGANIZATIONNAME = "chunhai xu";
				TargetAttributes = {
					EAFCB77E1F7AB09200E26E76 = {
						CreatedOnToolsVersion = 9.0;
						ProvisioningStyle = Automatic;
						SystemCapabilities = {
							com.apple.BackgroundModes = {
								enabled = 1;
							};
						};
					};
				};
			};
			buildConfigurationList = EAFCB77A1F7AB09200E26E76 /* Build configuration list for PBXProject "WXPlayerAndDownloadDemo" */;
			compatibilityVersion = "Xcode 8.0";
			developmentRegion = en;
			hasScannedForEncodings = 0;
			knownRegions = (
				en,
				Base,
			);
			mainGroup = EAFCB7761F7AB09200E26E76;
			productRefGroup = EAFCB7801F7AB09200E26E76 /* Products */;
			projectDirPath = "";
			projectReferences = (
				{
					ProductGroup = EAFCB7A31F7AB14400E26E76 /* Products */;
					ProjectRef = EAFCB7A21F7AB14400E26E76 /* Pods.xcodeproj */;
				},
				{
					ProductGroup = EAFCB79F1F7AB14400E26E76 /* Products */;
					ProjectRef = EAFCB79E1F7AB14400E26E76 /* WXAudioDownloadManager.xcodeproj */;
				},
			);
			projectRoot = "";
			targets = (
				EAFCB77E1F7AB09200E26E76 /* WXPlayerAndDownloadDemo */,
			);
		};
/* End PBXProject section */

/* Begin PBXReferenceProxy section */
		EA16227F1F88D77F00B5D57D /* libBGDB_OC.a */ = {
			isa = PBXReferenceProxy;
			fileType = archive.ar;
			path = libBGDB_OC.a;
			remoteRef = EA16227E1F88D77F00B5D57D /* PBXContainerItemProxy */;
			sourceTree = BUILT_PRODUCTS_DIR;
		};
		EAFCB8AA1F7AB14400E26E76 /* libAFNetworking.a */ = {
			isa = PBXReferenceProxy;
			fileType = archive.ar;
			path = libAFNetworking.a;
			remoteRef = EAFCB8A91F7AB14400E26E76 /* PBXContainerItemProxy */;
			sourceTree = BUILT_PRODUCTS_DIR;
		};
		EAFCB8AE1F7AB14400E26E76 /* libFCFileManager.a */ = {
			isa = PBXReferenceProxy;
			fileType = archive.ar;
			path = libFCFileManager.a;
			remoteRef = EAFCB8AD1F7AB14400E26E76 /* PBXContainerItemProxy */;
			sourceTree = BUILT_PRODUCTS_DIR;
		};
		EAFCB8B01F7AB14400E26E76 /* libFreeStreamer.a */ = {
			isa = PBXReferenceProxy;
			fileType = archive.ar;
			path = libFreeStreamer.a;
			remoteRef = EAFCB8AF1F7AB14400E26E76 /* PBXContainerItemProxy */;
			sourceTree = BUILT_PRODUCTS_DIR;
		};
		EAFCB8B21F7AB14400E26E76 /* libPods-WXAudioDownloadManager.a */ = {
			isa = PBXReferenceProxy;
			fileType = archive.ar;
			path = "libPods-WXAudioDownloadManager.a";
			remoteRef = EAFCB8B11F7AB14400E26E76 /* PBXContainerItemProxy */;
			sourceTree = BUILT_PRODUCTS_DIR;
		};
		EAFCB8B41F7AB14400E26E76 /* libReachability.a */ = {
			isa = PBXReferenceProxy;
			fileType = archive.ar;
			path = libReachability.a;
			remoteRef = EAFCB8B31F7AB14400E26E76 /* PBXContainerItemProxy */;
			sourceTree = BUILT_PRODUCTS_DIR;
		};
		EAFCB8B81F7AB14400E26E76 /* WXAudioDownloadManager.framework */ = {
			isa = PBXReferenceProxy;
			fileType = wrapper.framework;
			path = WXAudioDownloadManager.framework;
			remoteRef = EAFCB8B71F7AB14400E26E76 /* PBXContainerItemProxy */;
			sourceTree = BUILT_PRODUCTS_DIR;
		};
		EAFCB8BA1F7AB14400E26E76 /* WXAudioDownloadManagerTests.xctest */ = {
			isa = PBXReferenceProxy;
			fileType = wrapper.cfbundle;
			path = WXAudioDownloadManagerTests.xctest;
			remoteRef = EAFCB8B91F7AB14400E26E76 /* PBXContainerItemProxy */;
			sourceTree = BUILT_PRODUCTS_DIR;
		};
/* End PBXReferenceProxy section */

/* Begin PBXResourcesBuildPhase section */
		EAFCB77D1F7AB09200E26E76 /* Resources */ = {
			isa = PBXResourcesBuildPhase;
			buildActionMask = 2147483647;
			files = (
				EAFCB78F1F7AB09200E26E76 /* LaunchScreen.storyboard in Resources */,
				EAFCB78C1F7AB09200E26E76 /* Assets.xcassets in Resources */,
				EAFCB78A1F7AB09200E26E76 /* Main.storyboard in Resources */,
			);
			runOnlyForDeploymentPostprocessing = 0;
		};
/* End PBXResourcesBuildPhase section */

/* Begin PBXSourcesBuildPhase section */
		EAFCB77B1F7AB09200E26E76 /* Sources */ = {
			isa = PBXSourcesBuildPhase;
			buildActionMask = 2147483647;
			files = (
				EAFCB7871F7AB09200E26E76 /* ViewController.m in Sources */,
				EAD66D321F7BF1F600B5D1B0 /* WXAudioListCell.m in Sources */,
				EAFCB7921F7AB09200E26E76 /* main.m in Sources */,
				EAFCB7841F7AB09200E26E76 /* AppDelegate.m in Sources */,
			);
			runOnlyForDeploymentPostprocessing = 0;
		};
/* End PBXSourcesBuildPhase section */

/* Begin PBXVariantGroup section */
		EAFCB7881F7AB09200E26E76 /* Main.storyboard */ = {
			isa = PBXVariantGroup;
			children = (
				EAFCB7891F7AB09200E26E76 /* Base */,
			);
			name = Main.storyboard;
			sourceTree = "<group>";
		};
		EAFCB78D1F7AB09200E26E76 /* LaunchScreen.storyboard */ = {
			isa = PBXVariantGroup;
			children = (
				EAFCB78E1F7AB09200E26E76 /* Base */,
			);
			name = LaunchScreen.storyboard;
			sourceTree = "<group>";
		};
/* End PBXVariantGroup section */

/* Begin XCBuildConfiguration section */
		EAFCB7931F7AB09200E26E76 /* Debug */ = {
			isa = XCBuildConfiguration;
			buildSettings = {
				ALWAYS_SEARCH_USER_PATHS = NO;
				CLANG_ANALYZER_NONNULL = YES;
				CLANG_ANALYZER_NUMBER_OBJECT_CONVERSION = YES_AGGRESSIVE;
				CLANG_CXX_LANGUAGE_STANDARD = "gnu++14";
				CLANG_CXX_LIBRARY = "libc++";
				CLANG_ENABLE_MODULES = YES;
				CLANG_ENABLE_OBJC_ARC = YES;
				CLANG_WARN_BLOCK_CAPTURE_AUTORELEASING = YES;
				CLANG_WARN_BOOL_CONVERSION = YES;
				CLANG_WARN_COMMA = YES;
				CLANG_WARN_CONSTANT_CONVERSION = YES;
				CLANG_WARN_DIRECT_OBJC_ISA_USAGE = YES_ERROR;
				CLANG_WARN_DOCUMENTATION_COMMENTS = YES;
				CLANG_WARN_EMPTY_BODY = YES;
				CLANG_WARN_ENUM_CONVERSION = YES;
				CLANG_WARN_INFINITE_RECURSION = YES;
				CLANG_WARN_INT_CONVERSION = YES;
				CLANG_WARN_NON_LITERAL_NULL_CONVERSION = YES;
				CLANG_WARN_OBJC_LITERAL_CONVERSION = YES;
				CLANG_WARN_OBJC_ROOT_CLASS = YES_ERROR;
				CLANG_WARN_RANGE_LOOP_ANALYSIS = YES;
				CLANG_WARN_STRICT_PROTOTYPES = YES;
				CLANG_WARN_SUSPICIOUS_MOVE = YES;
				CLANG_WARN_UNGUARDED_AVAILABILITY = YES_AGGRESSIVE;
				CLANG_WARN_UNREACHABLE_CODE = YES;
				CLANG_WARN__DUPLICATE_METHOD_MATCH = YES;
				CODE_SIGN_IDENTITY = "iPhone Developer";
				COPY_PHASE_STRIP = NO;
				DEBUG_INFORMATION_FORMAT = dwarf;
				ENABLE_STRICT_OBJC_MSGSEND = YES;
				ENABLE_TESTABILITY = YES;
				GCC_C_LANGUAGE_STANDARD = gnu11;
				GCC_DYNAMIC_NO_PIC = NO;
				GCC_NO_COMMON_BLOCKS = YES;
				GCC_OPTIMIZATION_LEVEL = 0;
				GCC_PREPROCESSOR_DEFINITIONS = (
					"DEBUG=1",
					"$(inherited)",
				);
				GCC_WARN_64_TO_32_BIT_CONVERSION = YES;
				GCC_WARN_ABOUT_RETURN_TYPE = YES_ERROR;
				GCC_WARN_UNDECLARED_SELECTOR = YES;
				GCC_WARN_UNINITIALIZED_AUTOS = YES_AGGRESSIVE;
				GCC_WARN_UNUSED_FUNCTION = YES;
				GCC_WARN_UNUSED_VARIABLE = YES;
				IPHONEOS_DEPLOYMENT_TARGET = 11.0;
				MTL_ENABLE_DEBUG_INFO = YES;
				ONLY_ACTIVE_ARCH = YES;
				SDKROOT = iphoneos;
			};
			name = Debug;
		};
		EAFCB7941F7AB09200E26E76 /* Release */ = {
			isa = XCBuildConfiguration;
			buildSettings = {
				ALWAYS_SEARCH_USER_PATHS = NO;
				CLANG_ANALYZER_NONNULL = YES;
				CLANG_ANALYZER_NUMBER_OBJECT_CONVERSION = YES_AGGRESSIVE;
				CLANG_CXX_LANGUAGE_STANDARD = "gnu++14";
				CLANG_CXX_LIBRARY = "libc++";
				CLANG_ENABLE_MODULES = YES;
				CLANG_ENABLE_OBJC_ARC = YES;
				CLANG_WARN_BLOCK_CAPTURE_AUTORELEASING = YES;
				CLANG_WARN_BOOL_CONVERSION = YES;
				CLANG_WARN_COMMA = YES;
				CLANG_WARN_CONSTANT_CONVERSION = YES;
				CLANG_WARN_DIRECT_OBJC_ISA_USAGE = YES_ERROR;
				CLANG_WARN_DOCUMENTATION_COMMENTS = YES;
				CLANG_WARN_EMPTY_BODY = YES;
				CLANG_WARN_ENUM_CONVERSION = YES;
				CLANG_WARN_INFINITE_RECURSION = YES;
				CLANG_WARN_INT_CONVERSION = YES;
				CLANG_WARN_NON_LITERAL_NULL_CONVERSION = YES;
				CLANG_WARN_OBJC_LITERAL_CONVERSION = YES;
				CLANG_WARN_OBJC_ROOT_CLASS = YES_ERROR;
				CLANG_WARN_RANGE_LOOP_ANALYSIS = YES;
				CLANG_WARN_STRICT_PROTOTYPES = YES;
				CLANG_WARN_SUSPICIOUS_MOVE = YES;
				CLANG_WARN_UNGUARDED_AVAILABILITY = YES_AGGRESSIVE;
				CLANG_WARN_UNREACHABLE_CODE = YES;
				CLANG_WARN__DUPLICATE_METHOD_MATCH = YES;
				CODE_SIGN_IDENTITY = "iPhone Developer";
				COPY_PHASE_STRIP = NO;
				DEBUG_INFORMATION_FORMAT = "dwarf-with-dsym";
				ENABLE_NS_ASSERTIONS = NO;
				ENABLE_STRICT_OBJC_MSGSEND = YES;
				GCC_C_LANGUAGE_STANDARD = gnu11;
				GCC_NO_COMMON_BLOCKS = YES;
				GCC_WARN_64_TO_32_BIT_CONVERSION = YES;
				GCC_WARN_ABOUT_RETURN_TYPE = YES_ERROR;
				GCC_WARN_UNDECLARED_SELECTOR = YES;
				GCC_WARN_UNINITIALIZED_AUTOS = YES_AGGRESSIVE;
				GCC_WARN_UNUSED_FUNCTION = YES;
				GCC_WARN_UNUSED_VARIABLE = YES;
				IPHONEOS_DEPLOYMENT_TARGET = 11.0;
				MTL_ENABLE_DEBUG_INFO = NO;
				SDKROOT = iphoneos;
				VALIDATE_PRODUCT = YES;
			};
			name = Release;
		};
		EAFCB7961F7AB09200E26E76 /* Debug */ = {
			isa = XCBuildConfiguration;
			buildSettings = {
				ASSETCATALOG_COMPILER_APPICON_NAME = AppIcon;
				CODE_SIGN_STYLE = Automatic;
				DEVELOPMENT_TEAM = 394X7Y9SS6;
				INFOPLIST_FILE = WXPlayerAndDownloadDemo/Info.plist;
				IPHONEOS_DEPLOYMENT_TARGET = 9.0;
				LD_RUNPATH_SEARCH_PATHS = "$(inherited) @executable_path/Frameworks";
				PRODUCT_BUNDLE_IDENTIFIER = com.will.WXPlayerAndDownloadDemo;
				PRODUCT_NAME = "$(TARGET_NAME)";
				TARGETED_DEVICE_FAMILY = "1,2";
			};
			name = Debug;
		};
		EAFCB7971F7AB09200E26E76 /* Release */ = {
			isa = XCBuildConfiguration;
			buildSettings = {
				ASSETCATALOG_COMPILER_APPICON_NAME = AppIcon;
				CODE_SIGN_STYLE = Automatic;
				DEVELOPMENT_TEAM = 394X7Y9SS6;
				INFOPLIST_FILE = WXPlayerAndDownloadDemo/Info.plist;
				IPHONEOS_DEPLOYMENT_TARGET = 9.0;
				LD_RUNPATH_SEARCH_PATHS = "$(inherited) @executable_path/Frameworks";
				PRODUCT_BUNDLE_IDENTIFIER = com.will.WXPlayerAndDownloadDemo;
				PRODUCT_NAME = "$(TARGET_NAME)";
				TARGETED_DEVICE_FAMILY = "1,2";
			};
			name = Release;
		};
/* End XCBuildConfiguration section */

/* Begin XCConfigurationList section */
		EAFCB77A1F7AB09200E26E76 /* Build configuration list for PBXProject "WXPlayerAndDownloadDemo" */ = {
			isa = XCConfigurationList;
			buildConfigurations = (
				EAFCB7931F7AB09200E26E76 /* Debug */,
				EAFCB7941F7AB09200E26E76 /* Release */,
			);
			defaultConfigurationIsVisible = 0;
			defaultConfigurationName = Release;
		};
		EAFCB7951F7AB09200E26E76 /* Build configuration list for PBXNativeTarget "WXPlayerAndDownloadDemo" */ = {
			isa = XCConfigurationList;
			buildConfigurations = (
				EAFCB7961F7AB09200E26E76 /* Debug */,
				EAFCB7971F7AB09200E26E76 /* Release */,
			);
			defaultConfigurationIsVisible = 0;
			defaultConfigurationName = Release;
		};
/* End XCConfigurationList section */
	};
	rootObject = EAFCB7771F7AB09200E26E76 /* Project object */;
}
